
Microsoft Visual Studio Solution File, Format Version 12.00
# Visual Studio 15
VisualStudioVersion = 15.0.28010.2003
MinimumVisualStudioVersion = 10.0.40219.1
Project("{FAE04EC0-301F-11D3-BF4B-00C04F79EFBC}") = "Anime.Android", "Anime\Anime.Android\Anime.Android.csproj", "{8442B00C-8AB9-446F-920E-93788A13975E}"
EndProject
Project("{FAE04EC0-301F-11D3-BF4B-00C04F79EFBC}") = "Anime", "Anime\Anime\Anime.csproj", "{5A4956EC-4720-4B69-A32A-5124752D24B2}"
EndProject
Global
	GlobalSection(SolutionConfigurationPlatforms) = preSolution
		Debug|Any CPU = Debug|Any CPU
		Release|Any CPU = Release|Any CPU
	EndGlobalSection
	GlobalSection(ProjectConfigurationPlatforms) = postSolution
		{8442B00C-8AB9-446F-920E-93788A13975E}.Debug|Any CPU.ActiveCfg = Debug|Any CPU
		{8442B00C-8AB9-446F-920E-93788A13975E}.Debug|Any CPU.Build.0 = Debug|Any CPU
		{8442B00C-8AB9-446F-920E-93788A13975E}.Debug|Any CPU.Deploy.0 = Debug|Any CPU
		{8442B00C-8AB9-446F-920E-93788A13975E}.Release|Any CPU.ActiveCfg = Release|Any CPU
		{8442B00C-8AB9-446F-920E-93788A13975E}.Release|Any CPU.Build.0 = Release|Any CPU
		{8442B00C-8AB9-446F-920E-93788A13975E}.Release|Any CPU.Deploy.0 = Release|Any CPU
		{5A4956EC-4720-4B69-A32A-5124752D24B2}.Debug|Any CPU.ActiveCfg = Debug|Any CPU
		{5A4956EC-4720-4B69-A32A-5124752D24B2}.Debug|Any CPU.Build.0 = Debug|Any CPU
		{5A4956EC-4720-4B69-A32A-5124752D24B2}.Release|Any CPU.ActiveCfg = Release|Any CPU
		{5A4956EC-4720-4B69-A32A-5124752D24B2}.Release|Any CPU.Build.0 = Release|Any CPU
	EndGlobalSection
	GlobalSection(SolutionProperties) = preSolution
		HideSolutionNode = FALSE
	EndGlobalSection
	GlobalSection(ExtensibilityGlobals) = postSolution
		SolutionGuid = {130927F7-98F4-4854-B60C-0F445EA202A6}
	EndGlobalSection
EndGlobal
